
Microsoft Visual Studio Solution File, Format Version 12.00
# Visual Studio Version 18
VisualStudioVersion = 18.1.11304.174
MinimumVisualStudioVersion = 10.0.40219.1
Project("{FAE04EC0-301F-11D3-BF4B-00C04F79EFBC}") = "Gym.Domain", "Gym.Domain\Gym.Domain.csproj", "{482D3439-8610-4084-92D0-2B0184135D92}"
EndProject
Project("{FAE04EC0-301F-11D3-BF4B-00C04F79EFBC}") = "Gym.Application", "Gym.Application\Gym.Application.csproj", "{02248714-621D-4BAE-B672-13C189D8C3E9}"
EndProject
Project("{FAE04EC0-301F-11D3-BF4B-00C04F79EFBC}") = "Gym.Infrastructure", "Gym.Infrastructure\Gym.Infrastructure.csproj", "{A874DEF7-0354-4AEE-8391-B2675D0C6F06}"
EndProject
Project("{FAE04EC0-301F-11D3-BF4B-00C04F79EFBC}") = "Gym.API", "Gym.API\Gym.API.csproj", "{7FE55D29-DA1C-4A05-BEA3-3D4CF450643A}"
EndProject
Global
	GlobalSection(SolutionConfigurationPlatforms) = preSolution
		Debug|Any CPU = Debug|Any CPU
		Debug|x64 = Debug|x64
		Debug|x86 = Debug|x86
		Release|Any CPU = Release|Any CPU
		Release|x64 = Release|x64
		Release|x86 = Release|x86
	EndGlobalSection
	GlobalSection(ProjectConfigurationPlatforms) = postSolution
		{482D3439-8610-4084-92D0-2B0184135D92}.Debug|Any CPU.ActiveCfg = Debug|Any CPU
		{482D3439-8610-4084-92D0-2B0184135D92}.Debug|Any CPU.Build.0 = Debug|Any CPU
		{482D3439-8610-4084-92D0-2B0184135D92}.Debug|x64.ActiveCfg = Debug|Any CPU
		{482D3439-8610-4084-92D0-2B0184135D92}.Debug|x64.Build.0 = Debug|Any CPU
		{482D3439-8610-4084-92D0-2B0184135D92}.Debug|x86.ActiveCfg = Debug|Any CPU
		{482D3439-8610-4084-92D0-2B0184135D92}.Debug|x86.Build.0 = Debug|Any CPU
		{482D3439-8610-4084-92D0-2B0184135D92}.Release|Any CPU.ActiveCfg = Release|Any CPU
		{482D3439-8610-4084-92D0-2B0184135D92}.Release|Any CPU.Build.0 = Release|Any CPU
		{482D3439-8610-4084-92D0-2B0184135D92}.Release|x64.ActiveCfg = Release|Any CPU
		{482D3439-8610-4084-92D0-2B0184135D92}.Release|x64.Build.0 = Release|Any CPU
		{482D3439-8610-4084-92D0-2B0184135D92}.Release|x86.ActiveCfg = Release|Any CPU
		{482D3439-8610-4084-92D0-2B0184135D92}.Release|x86.Build.0 = Release|Any CPU
		{02248714-621D-4BAE-B672-13C189D8C3E9}.Debug|Any CPU.ActiveCfg = Debug|Any CPU
		{02248714-621D-4BAE-B672-13C189D8C3E9}.Debug|Any CPU.Build.0 = Debug|Any CPU
		{02248714-621D-4BAE-B672-13C189D8C3E9}.Debug|x64.ActiveCfg = Debug|Any CPU
		{02248714-621D-4BAE-B672-13C189D8C3E9}.Debug|x64.Build.0 = Debug|Any CPU
		{02248714-621D-4BAE-B672-13C189D8C3E9}.Debug|x86.ActiveCfg = Debug|Any CPU
		{02248714-621D-4BAE-B672-13C189D8C3E9}.Debug|x86.Build.0 = Debug|Any CPU
		{02248714-621D-4BAE-B672-13C189D8C3E9}.Release|Any CPU.ActiveCfg = Release|Any CPU
		{02248714-621D-4BAE-B672-13C189D8C3E9}.Release|Any CPU.Build.0 = Release|Any CPU
		{02248714-621D-4BAE-B672-13C189D8C3E9}.Release|x64.ActiveCfg = Release|Any CPU
		{02248714-621D-4BAE-B672-13C189D8C3E9}.Release|x64.Build.0 = Release|Any CPU
		{02248714-621D-4BAE-B672-13C189D8C3E9}.Release|x86.ActiveCfg = Release|Any CPU
		{02248714-621D-4BAE-B672-13C189D8C3E9}.Release|x86.Build.0 = Release|Any CPU
		{A874DEF7-0354-4AEE-8391-B2675D0C6F06}.Debug|Any CPU.ActiveCfg = Debug|Any CPU
		{A874DEF7-0354-4AEE-8391-B2675D0C6F06}.Debug|Any CPU.Build.0 = Debug|Any CPU
		{A874DEF7-0354-4AEE-8391-B2675D0C6F06}.Debug|x64.ActiveCfg = Debug|Any CPU
		{A874DEF7-0354-4AEE-8391-B2675D0C6F06}.Debug|x64.Build.0 = Debug|Any CPU
		{A874DEF7-0354-4AEE-8391-B2675D0C6F06}.Debug|x86.ActiveCfg = Debug|Any CPU
		{A874DEF7-0354-4AEE-8391-B2675D0C6F06}.Debug|x86.Build.0 = Debug|Any CPU
		{A874DEF7-0354-4AEE-8391-B2675D0C6F06}.Release|Any CPU.ActiveCfg = Release|Any CPU
		{A874DEF7-0354-4AEE-8391-B2675D0C6F06}.Release|Any CPU.Build.0 = Release|Any CPU
		{A874DEF7-0354-4AEE-8391-B2675D0C6F06}.Release|x64.ActiveCfg = Release|Any CPU
		{A874DEF7-0354-4AEE-8391-B2675D0C6F06}.Release|x64.Build.0 = Release|Any CPU
		{A874DEF7-0354-4AEE-8391-B2675D0C6F06}.Release|x86.ActiveCfg = Release|Any CPU
		{A874DEF7-0354-4AEE-8391-B2675D0C6F06}.Release|x86.Build.0 = Release|Any CPU
		{7FE55D29-DA1C-4A05-BEA3-3D4CF450643A}.Debug|Any CPU.ActiveCfg = Debug|Any CPU
		{7FE55D29-DA1C-4A05-BEA3-3D4CF450643A}.Debug|Any CPU.Build.0 = Debug|Any CPU
		{7FE55D29-DA1C-4A05-BEA3-3D4CF450643A}.Debug|x64.ActiveCfg = Debug|Any CPU
		{7FE55D29-DA1C-4A05-BEA3-3D4CF450643A}.Debug|x64.Build.0 = Debug|Any CPU
		{7FE55D29-DA1C-4A05-BEA3-3D4CF450643A}.Debug|x86.ActiveCfg = Debug|Any CPU
		{7FE55D29-DA1C-4A05-BEA3-3D4CF450643A}.Debug|x86.Build.0 = Debug|Any CPU
		{7FE55D29-DA1C-4A05-BEA3-3D4CF450643A}.Release|Any CPU.ActiveCfg = Release|Any CPU
		{7FE55D29-DA1C-4A05-BEA3-3D4CF450643A}.Release|Any CPU.Build.0 = Release|Any CPU
		{7FE55D29-DA1C-4A05-BEA3-3D4CF450643A}.Release|x64.ActiveCfg = Release|Any CPU
		{7FE55D29-DA1C-4A05-BEA3-3D4CF450643A}.Release|x64.Build.0 = Release|Any CPU
		{7FE55D29-DA1C-4A05-BEA3-3D4CF450643A}.Release|x86.ActiveCfg = Release|Any CPU
		{7FE55D29-DA1C-4A05-BEA3-3D4CF450643A}.Release|x86.Build.0 = Release|Any CPU
	EndGlobalSection
	GlobalSection(SolutionProperties) = preSolution
		HideSolutionNode = FALSE
	EndGlobalSection
	GlobalSection(ExtensibilityGlobals) = postSolution
		SolutionGuid = {7B91939A-4986-4B8B-9043-C7B653A113F0}
	EndGlobalSection
EndGlobal
